
Microsoft Visual Studio Solution File, Format Version 12.00
# Visual Studio Version 17
VisualStudioVersion = 17.0.31903.59
MinimumVisualStudioVersion = 10.0.40219.1
Project("{FAE04EC0-301F-11D3-BF4B-00C04F79EFBC}") = "PokerApi.Tests", "PokerApi.Tests\PokerApi.Tests.csproj", "{C821CB6C-1DEC-4EB6-9265-68BC1E2F84AB}"
EndProject
Project("{FAE04EC0-301F-11D3-BF4B-00C04F79EFBC}") = "PokerApi", "PokerApi\PokerApi.csproj", "{F093AFCB-DD96-4118-AD3D-11551B3BE915}"
EndProject
Global
	GlobalSection(SolutionConfigurationPlatforms) = preSolution
		Debug|Any CPU = Debug|Any CPU
		Debug|x64 = Debug|x64
		Debug|x86 = Debug|x86
		Release|Any CPU = Release|Any CPU
		Release|x64 = Release|x64
		Release|x86 = Release|x86
	EndGlobalSection
	GlobalSection(ProjectConfigurationPlatforms) = postSolution
		{C821CB6C-1DEC-4EB6-9265-68BC1E2F84AB}.Debug|Any CPU.ActiveCfg = Debug|Any CPU
		{C821CB6C-1DEC-4EB6-9265-68BC1E2F84AB}.Debug|Any CPU.Build.0 = Debug|Any CPU
		{C821CB6C-1DEC-4EB6-9265-68BC1E2F84AB}.Debug|x64.ActiveCfg = Debug|Any CPU
		{C821CB6C-1DEC-4EB6-9265-68BC1E2F84AB}.Debug|x64.Build.0 = Debug|Any CPU
		{C821CB6C-1DEC-4EB6-9265-68BC1E2F84AB}.Debug|x86.ActiveCfg = Debug|Any CPU
		{C821CB6C-1DEC-4EB6-9265-68BC1E2F84AB}.Debug|x86.Build.0 = Debug|Any CPU
		{C821CB6C-1DEC-4EB6-9265-68BC1E2F84AB}.Release|Any CPU.ActiveCfg = Release|Any CPU
		{C821CB6C-1DEC-4EB6-9265-68BC1E2F84AB}.Release|Any CPU.Build.0 = Release|Any CPU
		{C821CB6C-1DEC-4EB6-9265-68BC1E2F84AB}.Release|x64.ActiveCfg = Release|Any CPU
		{C821CB6C-1DEC-4EB6-9265-68BC1E2F84AB}.Release|x64.Build.0 = Release|Any CPU
		{C821CB6C-1DEC-4EB6-9265-68BC1E2F84AB}.Release|x86.ActiveCfg = Release|Any CPU
		{C821CB6C-1DEC-4EB6-9265-68BC1E2F84AB}.Release|x86.Build.0 = Release|Any CPU
		{F093AFCB-DD96-4118-AD3D-11551B3BE915}.Debug|Any CPU.ActiveCfg = Debug|Any CPU
		{F093AFCB-DD96-4118-AD3D-11551B3BE915}.Debug|Any CPU.Build.0 = Debug|Any CPU
		{F093AFCB-DD96-4118-AD3D-11551B3BE915}.Debug|x64.ActiveCfg = Debug|Any CPU
		{F093AFCB-DD96-4118-AD3D-11551B3BE915}.Debug|x64.Build.0 = Debug|Any CPU
		{F093AFCB-DD96-4118-AD3D-11551B3BE915}.Debug|x86.ActiveCfg = Debug|Any CPU
		{F093AFCB-DD96-4118-AD3D-11551B3BE915}.Debug|x86.Build.0 = Debug|Any CPU
		{F093AFCB-DD96-4118-AD3D-11551B3BE915}.Release|Any CPU.ActiveCfg = Release|Any CPU
		{F093AFCB-DD96-4118-AD3D-11551B3BE915}.Release|Any CPU.Build.0 = Release|Any CPU
		{F093AFCB-DD96-4118-AD3D-11551B3BE915}.Release|x64.ActiveCfg = Release|Any CPU
		{F093AFCB-DD96-4118-AD3D-11551B3BE915}.Release|x64.Build.0 = Release|Any CPU
		{F093AFCB-DD96-4118-AD3D-11551B3BE915}.Release|x86.ActiveCfg = Release|Any CPU
		{F093AFCB-DD96-4118-AD3D-11551B3BE915}.Release|x86.Build.0 = Release|Any CPU
	EndGlobalSection
	GlobalSection(SolutionProperties) = preSolution
		HideSolutionNode = FALSE
	EndGlobalSection
EndGlobal
